
Microsoft Visual Studio Solution File, Format Version 12.00
# Visual Studio Version 17
VisualStudioVersion = 17.8.34511.84
MinimumVisualStudioVersion = 10.0.40219.1
Project("{FAE04EC0-301F-11D3-BF4B-00C04F79EFBC}") = "Tamagotchi", "Tamagotchi.csproj", "{47689F7C-3C14-43ED-BA2D-68BB41E3DE7E}"
EndProject
Global
	GlobalSection(SolutionConfigurationPlatforms) = preSolution
		Debug|Any CPU = Debug|Any CPU
		Release|Any CPU = Release|Any CPU
	EndGlobalSection
	GlobalSection(ProjectConfigurationPlatforms) = postSolution
		{47689F7C-3C14-43ED-BA2D-68BB41E3DE7E}.Debug|Any CPU.ActiveCfg = Debug|Any CPU
		{47689F7C-3C14-43ED-BA2D-68BB41E3DE7E}.Debug|Any CPU.Build.0 = Debug|Any CPU
		{47689F7C-3C14-43ED-BA2D-68BB41E3DE7E}.Release|Any CPU.ActiveCfg = Release|Any CPU
		{47689F7C-3C14-43ED-BA2D-68BB41E3DE7E}.Release|Any CPU.Build.0 = Release|Any CPU
	EndGlobalSection
	GlobalSection(SolutionProperties) = preSolution
		HideSolutionNode = FALSE
	EndGlobalSection
	GlobalSection(ExtensibilityGlobals) = postSolution
		SolutionGuid = {3DAAED2C-E961-4B2B-92C2-6801668371B5}
	EndGlobalSection
EndGlobal
